structure='dense_every_order', order='all', block='aa', highest_order=0: 0
structure='dense_every_order', order='all', block='aa', highest_order=1: 0
structure='dense_every_order', order='all', block='aa', highest_order=2: 2
structure='dense_every_order', order='all', block='aa', highest_order=3: 13
structure='dense_every_order', order='all', block='aa', highest_order=4: 44
structure='dense_every_order', order='all', block='aa', highest_order=5: 98
structure='dense_every_order', order='all', block='aa', highest_order=6: 178
structure='dense_every_order', order='all', block='aa', highest_order=7: 284
structure='dense_every_order', order='all', block='aa', highest_order=8: 416
structure='dense_every_order', order='all', block='aa', highest_order=9: 574
structure='dense_every_order', order='all', block='bb', highest_order=0: 0
structure='dense_every_order', order='all', block='bb', highest_order=1: 0
structure='dense_every_order', order='all', block='bb', highest_order=2: 2
structure='dense_every_order', order='all', block='bb', highest_order=3: 13
structure='dense_every_order', order='all', block='bb', highest_order=4: 44
structure='dense_every_order', order='all', block='bb', highest_order=5: 98
structure='dense_every_order', order='all', block='bb', highest_order=6: 178
structure='dense_every_order', order='all', block='bb', highest_order=7: 284
structure='dense_every_order', order='all', block='bb', highest_order=8: 416
structure='dense_every_order', order='all', block='bb', highest_order=9: 574
structure='dense_every_order', order='all', block='both', highest_order=0: 0
structure='dense_every_order', order='all', block='both', highest_order=1: 0
structure='dense_every_order', order='all', block='both', highest_order=2: 4
structure='dense_every_order', order='all', block='both', highest_order=3: 22
structure='dense_every_order', order='all', block='both', highest_order=4: 66
structure='dense_every_order', order='all', block='both', highest_order=5: 138
structure='dense_every_order', order='all', block='both', highest_order=6: 238
structure='dense_every_order', order='all', block='both', highest_order=7: 366
structure='dense_every_order', order='all', block='both', highest_order=8: 522
structure='dense_every_order', order='all', block='both', highest_order=9: 706
structure='dense_every_order', order='highest', block='aa', highest_order=0: 0
structure='dense_every_order', order='highest', block='aa', highest_order=1: 0
structure='dense_every_order', order='highest', block='aa', highest_order=2: 2
structure='dense_every_order', order='highest', block='aa', highest_order=3: 11
structure='dense_every_order', order='highest', block='aa', highest_order=4: 37
structure='dense_every_order', order='highest', block='aa', highest_order=5: 84
structure='dense_every_order', order='highest', block='aa', highest_order=6: 155
structure='dense_every_order', order='highest', block='aa', highest_order=7: 250
structure='dense_every_order', order='highest', block='aa', highest_order=8: 369
structure='dense_every_order', order='highest', block='aa', highest_order=9: 512
structure='dense_every_order', order='highest', block='bb', highest_order=0: 0
structure='dense_every_order', order='highest', block='bb', highest_order=1: 0
structure='dense_every_order', order='highest', block='bb', highest_order=2: 2
structure='dense_every_order', order='highest', block='bb', highest_order=3: 11
structure='dense_every_order', order='highest', block='bb', highest_order=4: 37
structure='dense_every_order', order='highest', block='bb', highest_order=5: 84
structure='dense_every_order', order='highest', block='bb', highest_order=6: 155
structure='dense_every_order', order='highest', block='bb', highest_order=7: 250
structure='dense_every_order', order='highest', block='bb', highest_order=8: 369
structure='dense_every_order', order='highest', block='bb', highest_order=9: 512
structure='dense_every_order', order='highest', block='both', highest_order=0: 0
structure='dense_every_order', order='highest', block='both', highest_order=1: 0
structure='dense_every_order', order='highest', block='both', highest_order=2: 4
structure='dense_every_order', order='highest', block='both', highest_order=3: 18
structure='dense_every_order', order='highest', block='both', highest_order=4: 52
structure='dense_every_order', order='highest', block='both', highest_order=5: 110
structure='dense_every_order', order='highest', block='both', highest_order=6: 192
structure='dense_every_order', order='highest', block='both', highest_order=7: 298
structure='dense_every_order', order='highest', block='both', highest_order=8: 428
structure='dense_every_order', order='highest', block='both', highest_order=9: 582
structure='dense_first_order', order='all', block='aa', highest_order=0: 0
structure='dense_first_order', order='all', block='aa', highest_order=1: 0
structure='dense_first_order', order='all', block='aa', highest_order=2: 2
structure='dense_first_order', order='all', block='aa', highest_order=3: 11
structure='dense_first_order', order='all', block='aa', highest_order=4: 33
structure='dense_first_order', order='all', block='aa', highest_order=5: 66
structure='dense_first_order', order='all', block='aa', highest_order=6: 113
structure='dense_first_order', order='all', block='aa', highest_order=7: 174
structure='dense_first_order', order='all', block='aa', highest_order=8: 249
structure='dense_first_order', order='all', block='aa', highest_order=9: 338
structure='dense_first_order', order='all', block='bb', highest_order=0: 0
structure='dense_first_order', order='all', block='bb', highest_order=1: 0
structure='dense_first_order', order='all', block='bb', highest_order=2: 2
structure='dense_first_order', order='all', block='bb', highest_order=3: 11
structure='dense_first_order', order='all', block='bb', highest_order=4: 33
structure='dense_first_order', order='all', block='bb', highest_order=5: 66
structure='dense_first_order', order='all', block='bb', highest_order=6: 113
structure='dense_first_order', order='all', block='bb', highest_order=7: 174
structure='dense_first_order', order='all', block='bb', highest_order=8: 249
structure='dense_first_order', order='all', block='bb', highest_order=9: 338
structure='dense_first_order', order='all', block='both', highest_order=0: 0
structure='dense_first_order', order='all', block='both', highest_order=1: 0
structure='dense_first_order', order='all', block='both', highest_order=2: 4
structure='dense_first_order', order='all', block='both', highest_order=3: 18
structure='dense_first_order', order='all', block='both', highest_order=4: 48
structure='dense_first_order', order='all', block='both', highest_order=5: 92
structure='dense_first_order', order='all', block='both', highest_order=6: 152
structure='dense_first_order', order='all', block='both', highest_order=7: 228
structure='dense_first_order', order='all', block='both', highest_order=8: 320
structure='dense_first_order', order='all', block='both', highest_order=9: 428
structure='dense_first_order', order='highest', block='aa', highest_order=0: 0
structure='dense_first_order', order='highest', block='aa', highest_order=1: 0
structure='dense_first_order', order='highest', block='aa', highest_order=2: 2
structure='dense_first_order', order='highest', block='aa', highest_order=3: 9
structure='dense_first_order', order='highest', block='aa', highest_order=4: 28
structure='dense_first_order', order='highest', block='aa', highest_order=5: 58
structure='dense_first_order', order='highest', block='aa', highest_order=6: 100
structure='dense_first_order', order='highest', block='aa', highest_order=7: 154
structure='dense_first_order', order='highest', block='aa', highest_order=8: 220
structure='dense_first_order', order='highest', block='aa', highest_order=9: 298
structure='dense_first_order', order='highest', block='bb', highest_order=0: 0
structure='dense_first_order', order='highest', block='bb', highest_order=1: 0
structure='dense_first_order', order='highest', block='bb', highest_order=2: 2
structure='dense_first_order', order='highest', block='bb', highest_order=3: 9
structure='dense_first_order', order='highest', block='bb', highest_order=4: 28
structure='dense_first_order', order='highest', block='bb', highest_order=5: 58
structure='dense_first_order', order='highest', block='bb', highest_order=6: 100
structure='dense_first_order', order='highest', block='bb', highest_order=7: 154
structure='dense_first_order', order='highest', block='bb', highest_order=8: 220
structure='dense_first_order', order='highest', block='bb', highest_order=9: 298
structure='dense_first_order', order='highest', block='both', highest_order=0: 0
structure='dense_first_order', order='highest', block='both', highest_order=1: 0
structure='dense_first_order', order='highest', block='both', highest_order=2: 4
structure='dense_first_order', order='highest', block='both', highest_order=3: 14
structure='dense_first_order', order='highest', block='both', highest_order=4: 38
structure='dense_first_order', order='highest', block='both', highest_order=5: 76
structure='dense_first_order', order='highest', block='both', highest_order=6: 126
structure='dense_first_order', order='highest', block='both', highest_order=7: 188
structure='dense_first_order', order='highest', block='both', highest_order=8: 262
structure='dense_first_order', order='highest', block='both', highest_order=9: 348
structure='offdiagonal_every_order', order='all', block='aa', highest_order=0: 0
structure='offdiagonal_every_order', order='all', block='aa', highest_order=1: 0
structure='offdiagonal_every_order', order='all', block='aa', highest_order=2: 2
structure='offdiagonal_every_order', order='all', block='aa', highest_order=3: 6
structure='offdiagonal_every_order', order='all', block='aa', highest_order=4: 24
structure='offdiagonal_every_order', order='all', block='aa', highest_order=5: 56
structure='offdiagonal_every_order', order='all', block='aa', highest_order=6: 106
structure='offdiagonal_every_order', order='all', block='aa', highest_order=7: 174
structure='offdiagonal_every_order', order='all', block='aa', highest_order=8: 260
structure='offdiagonal_every_order', order='all', block='aa', highest_order=9: 364
structure='offdiagonal_every_order', order='all', block='bb', highest_order=0: 0
structure='offdiagonal_every_order', order='all', block='bb', highest_order=1: 0
structure='offdiagonal_every_order', order='all', block='bb', highest_order=2: 2
structure='offdiagonal_every_order', order='all', block='bb', highest_order=3: 6
structure='offdiagonal_every_order', order='all', block='bb', highest_order=4: 24
structure='offdiagonal_every_order', order='all', block='bb', highest_order=5: 56
structure='offdiagonal_every_order', order='all', block='bb', highest_order=6: 106
structure='offdiagonal_every_order', order='all', block='bb', highest_order=7: 174
structure='offdiagonal_every_order', order='all', block='bb', highest_order=8: 260
structure='offdiagonal_every_order', order='all', block='bb', highest_order=9: 364
structure='offdiagonal_every_order', order='all', block='both', highest_order=0: 0
structure='offdiagonal_every_order', order='all', block='both', highest_order=1: 0
structure='offdiagonal_every_order', order='all', block='both', highest_order=2: 4
structure='offdiagonal_every_order', order='all', block='both', highest_order=3: 12
structure='offdiagonal_every_order', order='all', block='both', highest_order=4: 38
structure='offdiagonal_every_order', order='all', block='both', highest_order=5: 82
structure='offdiagonal_every_order', order='all', block='both', highest_order=6: 146
structure='offdiagonal_every_order', order='all', block='both', highest_order=7: 230
structure='offdiagonal_every_order', order='all', block='both', highest_order=8: 334
structure='offdiagonal_every_order', order='all', block='both', highest_order=9: 458
structure='offdiagonal_every_order', order='highest', block='aa', highest_order=0: 0
structure='offdiagonal_every_order', order='highest', block='aa', highest_order=1: 0
structure='offdiagonal_every_order', order='highest', block='aa', highest_order=2: 2
structure='offdiagonal_every_order', order='highest', block='aa', highest_order=3: 4
structure='offdiagonal_every_order', order='highest', block='aa', highest_order=4: 19
structure='offdiagonal_every_order', order='highest', block='aa', highest_order=5: 46
structure='offdiagonal_every_order', order='highest', block='aa', highest_order=6: 89
structure='offdiagonal_every_order', order='highest', block='aa', highest_order=7: 148
structure='offdiagonal_every_order', order='highest', block='aa', highest_order=8: 223
structure='offdiagonal_every_order', order='highest', block='aa', highest_order=9: 314
structure='offdiagonal_every_order', order='highest', block='bb', highest_order=0: 0
structure='offdiagonal_every_order', order='highest', block='bb', highest_order=1: 0
structure='offdiagonal_every_order', order='highest', block='bb', highest_order=2: 2
structure='offdiagonal_every_order', order='highest', block='bb', highest_order=3: 4
structure='offdiagonal_every_order', order='highest', block='bb', highest_order=4: 19
structure='offdiagonal_every_order', order='highest', block='bb', highest_order=5: 46
structure='offdiagonal_every_order', order='highest', block='bb', highest_order=6: 89
structure='offdiagonal_every_order', order='highest', block='bb', highest_order=7: 148
structure='offdiagonal_every_order', order='highest', block='bb', highest_order=8: 223
structure='offdiagonal_every_order', order='highest', block='bb', highest_order=9: 314
structure='offdiagonal_every_order', order='highest', block='both', highest_order=0: 0
structure='offdiagonal_every_order', order='highest', block='both', highest_order=1: 0
structure='offdiagonal_every_order', order='highest', block='both', highest_order=2: 4
structure='offdiagonal_every_order', order='highest', block='both', highest_order=3: 8
structure='offdiagonal_every_order', order='highest', block='both', highest_order=4: 28
structure='offdiagonal_every_order', order='highest', block='both', highest_order=5: 62
structure='offdiagonal_every_order', order='highest', block='both', highest_order=6: 112
structure='offdiagonal_every_order', order='highest', block='both', highest_order=7: 178
structure='offdiagonal_every_order', order='highest', block='both', highest_order=8: 260
structure='offdiagonal_every_order', order='highest', block='both', highest_order=9: 358
structure='random_every_order', order='all', block='aa', highest_order=0: 0
structure='random_every_order', order='all', block='aa', highest_order=1: 0
structure='random_every_order', order='all', block='aa', highest_order=2: 2
structure='random_every_order', order='all', block='aa', highest_order=3: 2
structure='random_every_order', order='all', block='aa', highest_order=4: 24
structure='random_every_order', order='all', block='aa', highest_order=5: 24
structure='random_every_order', order='all', block='aa', highest_order=6: 66
structure='random_every_order', order='all', block='aa', highest_order=7: 66
structure='random_every_order', order='all', block='aa', highest_order=8: 131
structure='random_every_order', order='all', block='aa', highest_order=9: 131
structure='random_every_order', order='all', block='bb', highest_order=0: 0
structure='random_every_order', order='all', block='bb', highest_order=1: 0
structure='random_every_order', order='all', block='bb', highest_order=2: 2
structure='random_every_order', order='all', block='bb', highest_order=3: 2
structure='random_every_order', order='all', block='bb', highest_order=4: 24
structure='random_every_order', order='all', block='bb', highest_order=5: 24
structure='random_every_order', order='all', block='bb', highest_order=6: 66
structure='random_every_order', order='all', block='bb', highest_order=7: 66
structure='random_every_order', order='all', block='bb', highest_order=8: 131
structure='random_every_order', order='all', block='bb', highest_order=9: 131
structure='random_every_order', order='all', block='both', highest_order=0: 0
structure='random_every_order', order='all', block='both', highest_order=1: 0
structure='random_every_order', order='all', block='both', highest_order=2: 4
structure='random_every_order', order='all', block='both', highest_order=3: 4
structure='random_every_order', order='all', block='both', highest_order=4: 34
structure='random_every_order', order='all', block='both', highest_order=5: 34
structure='random_every_order', order='all', block='both', highest_order=6: 84
structure='random_every_order', order='all', block='both', highest_order=7: 84
structure='random_every_order', order='all', block='both', highest_order=8: 160
structure='random_every_order', order='all', block='both', highest_order=9: 160
structure='random_every_order', order='highest', block='aa', highest_order=0: 0
structure='random_every_order', order='highest', block='aa', highest_order=1: 0
structure='random_every_order', order='highest', block='aa', highest_order=2: 2
structure='random_every_order', order='highest', block='aa', highest_order=3: 0
structure='random_every_order', order='highest', block='aa', highest_order=4: 23
structure='random_every_order', order='highest', block='aa', highest_order=5: 3
structure='random_every_order', order='highest', block='aa', highest_order=6: 62
structure='random_every_order', order='highest', block='aa', highest_order=7: 14
structure='random_every_order', order='highest', block='aa', highest_order=8: 122
structure='random_every_order', order='highest', block='aa', highest_order=9: 14
structure='random_every_order', order='highest', block='bb', highest_order=0: 0
structure='random_every_order', order='highest', block='bb', highest_order=1: 0
structure='random_every_order', order='highest', block='bb', highest_order=2: 2
structure='random_every_order', order='highest', block='bb', highest_order=3: 0
structure='random_every_order', order='highest', block='bb', highest_order=4: 23
structure='random_every_order', order='highest', block='bb', highest_order=5: 2
structure='random_every_order', order='highest', block='bb', highest_order=6: 62
structure='random_every_order', order='highest', block='bb', highest_order=7: 14
structure='random_every_order', order='highest', block='bb', highest_order=8: 122
structure='random_every_order', order='highest', block='bb', highest_order=9: 14
structure='random_every_order', order='highest', block='both', highest_order=0: 0
structure='random_every_order', order='highest', block='both', highest_order=1: 0
structure='random_every_order', order='highest', block='both', highest_order=2: 4
structure='random_every_order', order='highest', block='both', highest_order=3: 0
structure='random_every_order', order='highest', block='both', highest_order=4: 32
structure='random_every_order', order='highest', block='both', highest_order=5: 3
structure='random_every_order', order='highest', block='both', highest_order=6: 76
structure='random_every_order', order='highest', block='both', highest_order=7: 14
structure='random_every_order', order='highest', block='both', highest_order=8: 142
structure='random_every_order', order='highest', block='both', highest_order=9: 14
