structure='dense_every_order', order='all', block='aa', highest_order=2: 4
structure='dense_every_order', order='all', block='aa', highest_order=3: 32
structure='dense_every_order', order='all', block='aa', highest_order=4: 138
structure='dense_every_order', order='all', block='all', highest_order=2: 12
structure='dense_every_order', order='all', block='all', highest_order=3: 66
structure='dense_every_order', order='all', block='all', highest_order=4: 222
structure='dense_every_order', order='all', block='bb', highest_order=2: 4
structure='dense_every_order', order='all', block='bb', highest_order=3: 32
structure='dense_every_order', order='all', block='bb', highest_order=4: 138
structure='dense_every_order', order='all', block='cc', highest_order=2: 4
structure='dense_every_order', order='all', block='cc', highest_order=3: 32
structure='dense_every_order', order='all', block='cc', highest_order=4: 138
structure='dense_every_order', order='highest', block='aa', highest_order=2: 4
structure='dense_every_order', order='highest', block='aa', highest_order=3: 28
structure='dense_every_order', order='highest', block='aa', highest_order=4: 130
structure='dense_every_order', order='highest', block='all', highest_order=2: 12
structure='dense_every_order', order='highest', block='all', highest_order=3: 54
structure='dense_every_order', order='highest', block='all', highest_order=4: 198
structure='dense_every_order', order='highest', block='bb', highest_order=2: 4
structure='dense_every_order', order='highest', block='bb', highest_order=3: 28
structure='dense_every_order', order='highest', block='bb', highest_order=4: 130
structure='dense_every_order', order='highest', block='cc', highest_order=2: 4
structure='dense_every_order', order='highest', block='cc', highest_order=3: 28
structure='dense_every_order', order='highest', block='cc', highest_order=4: 130
structure='dense_first_order', order='all', block='aa', highest_order=2: 4
structure='dense_first_order', order='all', block='aa', highest_order=3: 28
structure='dense_first_order', order='all', block='aa', highest_order=4: 110
structure='dense_first_order', order='all', block='all', highest_order=2: 12
structure='dense_first_order', order='all', block='all', highest_order=3: 54
structure='dense_first_order', order='all', block='all', highest_order=4: 162
structure='dense_first_order', order='all', block='bb', highest_order=2: 4
structure='dense_first_order', order='all', block='bb', highest_order=3: 28
structure='dense_first_order', order='all', block='bb', highest_order=4: 110
structure='dense_first_order', order='all', block='cc', highest_order=2: 4
structure='dense_first_order', order='all', block='cc', highest_order=3: 28
structure='dense_first_order', order='all', block='cc', highest_order=4: 110
structure='dense_first_order', order='highest', block='aa', highest_order=2: 4
structure='dense_first_order', order='highest', block='aa', highest_order=3: 24
structure='dense_first_order', order='highest', block='aa', highest_order=4: 106
structure='dense_first_order', order='highest', block='all', highest_order=2: 12
structure='dense_first_order', order='highest', block='all', highest_order=3: 42
structure='dense_first_order', order='highest', block='all', highest_order=4: 150
structure='dense_first_order', order='highest', block='bb', highest_order=2: 4
structure='dense_first_order', order='highest', block='bb', highest_order=3: 24
structure='dense_first_order', order='highest', block='bb', highest_order=4: 106
structure='dense_first_order', order='highest', block='cc', highest_order=2: 4
structure='dense_first_order', order='highest', block='cc', highest_order=3: 24
structure='dense_first_order', order='highest', block='cc', highest_order=4: 106
structure='offdiagonal_every_order', order='all', block='aa', highest_order=2: 4
structure='offdiagonal_every_order', order='all', block='aa', highest_order=3: 24
structure='offdiagonal_every_order', order='all', block='aa', highest_order=4: 110
structure='offdiagonal_every_order', order='all', block='all', highest_order=2: 12
structure='offdiagonal_every_order', order='all', block='all', highest_order=3: 54
structure='offdiagonal_every_order', order='all', block='all', highest_order=4: 186
structure='offdiagonal_every_order', order='all', block='bb', highest_order=2: 4
structure='offdiagonal_every_order', order='all', block='bb', highest_order=3: 24
structure='offdiagonal_every_order', order='all', block='bb', highest_order=4: 110
structure='offdiagonal_every_order', order='all', block='cc', highest_order=2: 4
structure='offdiagonal_every_order', order='all', block='cc', highest_order=3: 24
structure='offdiagonal_every_order', order='all', block='cc', highest_order=4: 110
structure='offdiagonal_every_order', order='highest', block='aa', highest_order=2: 4
structure='offdiagonal_every_order', order='highest', block='aa', highest_order=3: 20
structure='offdiagonal_every_order', order='highest', block='aa', highest_order=4: 102
structure='offdiagonal_every_order', order='highest', block='all', highest_order=2: 12
structure='offdiagonal_every_order', order='highest', block='all', highest_order=3: 42
structure='offdiagonal_every_order', order='highest', block='all', highest_order=4: 162
structure='offdiagonal_every_order', order='highest', block='bb', highest_order=2: 4
structure='offdiagonal_every_order', order='highest', block='bb', highest_order=3: 20
structure='offdiagonal_every_order', order='highest', block='bb', highest_order=4: 102
structure='offdiagonal_every_order', order='highest', block='cc', highest_order=2: 4
structure='offdiagonal_every_order', order='highest', block='cc', highest_order=3: 20
structure='offdiagonal_every_order', order='highest', block='cc', highest_order=4: 102
structure='random_every_order', order='all', block='aa', highest_order=2: 4
structure='random_every_order', order='all', block='aa', highest_order=3: 20
structure='random_every_order', order='all', block='aa', highest_order=4: 102
structure='random_every_order', order='all', block='all', highest_order=2: 12
structure='random_every_order', order='all', block='all', highest_order=3: 42
structure='random_every_order', order='all', block='all', highest_order=4: 162
structure='random_every_order', order='all', block='bb', highest_order=2: 4
structure='random_every_order', order='all', block='bb', highest_order=3: 20
structure='random_every_order', order='all', block='bb', highest_order=4: 102
structure='random_every_order', order='all', block='cc', highest_order=2: 4
structure='random_every_order', order='all', block='cc', highest_order=3: 20
structure='random_every_order', order='all', block='cc', highest_order=4: 102
structure='random_every_order', order='highest', block='aa', highest_order=2: 4
structure='random_every_order', order='highest', block='aa', highest_order=3: 16
structure='random_every_order', order='highest', block='aa', highest_order=4: 98
structure='random_every_order', order='highest', block='all', highest_order=2: 12
structure='random_every_order', order='highest', block='all', highest_order=3: 30
structure='random_every_order', order='highest', block='all', highest_order=4: 150
structure='random_every_order', order='highest', block='bb', highest_order=2: 4
structure='random_every_order', order='highest', block='bb', highest_order=3: 16
structure='random_every_order', order='highest', block='bb', highest_order=4: 98
structure='random_every_order', order='highest', block='cc', highest_order=2: 4
structure='random_every_order', order='highest', block='cc', highest_order=3: 16
structure='random_every_order', order='highest', block='cc', highest_order=4: 98
