structure='dense_every_order', order='all', block='aa', highest_order=2: 4
structure='dense_every_order', order='all', block='aa', highest_order=3: 34
structure='dense_every_order', order='all', block='aa', highest_order=4: 125
structure='dense_every_order', order='all', block='all', highest_order=2: 12
structure='dense_every_order', order='all', block='all', highest_order=3: 78
structure='dense_every_order', order='all', block='all', highest_order=4: 231
structure='dense_every_order', order='all', block='bb', highest_order=2: 4
structure='dense_every_order', order='all', block='bb', highest_order=3: 34
structure='dense_every_order', order='all', block='bb', highest_order=4: 125
structure='dense_every_order', order='all', block='cc', highest_order=2: 4
structure='dense_every_order', order='all', block='cc', highest_order=3: 34
structure='dense_every_order', order='all', block='cc', highest_order=4: 125
structure='dense_every_order', order='highest', block='aa', highest_order=2: 4
structure='dense_every_order', order='highest', block='aa', highest_order=3: 30
structure='dense_every_order', order='highest', block='aa', highest_order=4: 113
structure='dense_every_order', order='highest', block='all', highest_order=2: 12
structure='dense_every_order', order='highest', block='all', highest_order=3: 66
structure='dense_every_order', order='highest', block='all', highest_order=4: 195
structure='dense_every_order', order='highest', block='bb', highest_order=2: 4
structure='dense_every_order', order='highest', block='bb', highest_order=3: 30
structure='dense_every_order', order='highest', block='bb', highest_order=4: 113
structure='dense_every_order', order='highest', block='cc', highest_order=2: 4
structure='dense_every_order', order='highest', block='cc', highest_order=3: 30
structure='dense_every_order', order='highest', block='cc', highest_order=4: 113
structure='dense_first_order', order='all', block='aa', highest_order=2: 4
structure='dense_first_order', order='all', block='aa', highest_order=3: 32
structure='dense_first_order', order='all', block='aa', highest_order=4: 105
structure='dense_first_order', order='all', block='all', highest_order=2: 12
structure='dense_first_order', order='all', block='all', highest_order=3: 72
structure='dense_first_order', order='all', block='all', highest_order=4: 189
structure='dense_first_order', order='all', block='bb', highest_order=2: 4
structure='dense_first_order', order='all', block='bb', highest_order=3: 32
structure='dense_first_order', order='all', block='bb', highest_order=4: 105
structure='dense_first_order', order='all', block='cc', highest_order=2: 4
structure='dense_first_order', order='all', block='cc', highest_order=3: 32
structure='dense_first_order', order='all', block='cc', highest_order=4: 105
structure='dense_first_order', order='highest', block='aa', highest_order=2: 4
structure='dense_first_order', order='highest', block='aa', highest_order=3: 28
structure='dense_first_order', order='highest', block='aa', highest_order=4: 95
structure='dense_first_order', order='highest', block='all', highest_order=2: 12
structure='dense_first_order', order='highest', block='all', highest_order=3: 60
structure='dense_first_order', order='highest', block='all', highest_order=4: 159
structure='dense_first_order', order='highest', block='bb', highest_order=2: 4
structure='dense_first_order', order='highest', block='bb', highest_order=3: 28
structure='dense_first_order', order='highest', block='bb', highest_order=4: 95
structure='dense_first_order', order='highest', block='cc', highest_order=2: 4
structure='dense_first_order', order='highest', block='cc', highest_order=3: 28
structure='dense_first_order', order='highest', block='cc', highest_order=4: 95
structure='offdiagonal_every_order', order='all', block='aa', highest_order=2: 4
structure='offdiagonal_every_order', order='all', block='aa', highest_order=3: 22
structure='offdiagonal_every_order', order='all', block='aa', highest_order=4: 87
structure='offdiagonal_every_order', order='all', block='all', highest_order=2: 12
structure='offdiagonal_every_order', order='all', block='all', highest_order=3: 54
structure='offdiagonal_every_order', order='all', block='all', highest_order=4: 165
structure='offdiagonal_every_order', order='all', block='bb', highest_order=2: 4
structure='offdiagonal_every_order', order='all', block='bb', highest_order=3: 22
structure='offdiagonal_every_order', order='all', block='bb', highest_order=4: 87
structure='offdiagonal_every_order', order='all', block='cc', highest_order=2: 4
structure='offdiagonal_every_order', order='all', block='cc', highest_order=3: 22
structure='offdiagonal_every_order', order='all', block='cc', highest_order=4: 87
structure='offdiagonal_every_order', order='highest', block='aa', highest_order=2: 4
structure='offdiagonal_every_order', order='highest', block='aa', highest_order=3: 18
structure='offdiagonal_every_order', order='highest', block='aa', highest_order=4: 77
structure='offdiagonal_every_order', order='highest', block='all', highest_order=2: 12
structure='offdiagonal_every_order', order='highest', block='all', highest_order=3: 42
structure='offdiagonal_every_order', order='highest', block='all', highest_order=4: 135
structure='offdiagonal_every_order', order='highest', block='bb', highest_order=2: 4
structure='offdiagonal_every_order', order='highest', block='bb', highest_order=3: 18
structure='offdiagonal_every_order', order='highest', block='bb', highest_order=4: 77
structure='offdiagonal_every_order', order='highest', block='cc', highest_order=2: 4
structure='offdiagonal_every_order', order='highest', block='cc', highest_order=3: 18
structure='offdiagonal_every_order', order='highest', block='cc', highest_order=4: 77
structure='random_every_order', order='all', block='aa', highest_order=2: 4
structure='random_every_order', order='all', block='aa', highest_order=3: 20
structure='random_every_order', order='all', block='aa', highest_order=4: 89
structure='random_every_order', order='all', block='all', highest_order=2: 12
structure='random_every_order', order='all', block='all', highest_order=3: 48
structure='random_every_order', order='all', block='all', highest_order=4: 165
structure='random_every_order', order='all', block='bb', highest_order=2: 4
structure='random_every_order', order='all', block='bb', highest_order=3: 20
structure='random_every_order', order='all', block='bb', highest_order=4: 89
structure='random_every_order', order='all', block='cc', highest_order=2: 4
structure='random_every_order', order='all', block='cc', highest_order=3: 20
structure='random_every_order', order='all', block='cc', highest_order=4: 89
structure='random_every_order', order='highest', block='aa', highest_order=2: 4
structure='random_every_order', order='highest', block='aa', highest_order=3: 16
structure='random_every_order', order='highest', block='aa', highest_order=4: 81
structure='random_every_order', order='highest', block='all', highest_order=2: 12
structure='random_every_order', order='highest', block='all', highest_order=3: 36
structure='random_every_order', order='highest', block='all', highest_order=4: 141
structure='random_every_order', order='highest', block='bb', highest_order=2: 4
structure='random_every_order', order='highest', block='bb', highest_order=3: 16
structure='random_every_order', order='highest', block='bb', highest_order=4: 81
structure='random_every_order', order='highest', block='cc', highest_order=2: 4
structure='random_every_order', order='highest', block='cc', highest_order=3: 16
structure='random_every_order', order='highest', block='cc', highest_order=4: 81
