structure='dense_every_order', order='all', block='aa', highest_order=0: 0
structure='dense_every_order', order='all', block='aa', highest_order=1: 0
structure='dense_every_order', order='all', block='aa', highest_order=2: 2
structure='dense_every_order', order='all', block='aa', highest_order=3: 10
structure='dense_every_order', order='all', block='aa', highest_order=4: 44
structure='dense_every_order', order='all', block='aa', highest_order=5: 104
structure='dense_every_order', order='all', block='aa', highest_order=6: 200
structure='dense_every_order', order='all', block='aa', highest_order=7: 332
structure='dense_every_order', order='all', block='aa', highest_order=8: 500
structure='dense_every_order', order='all', block='aa', highest_order=9: 704
structure='dense_every_order', order='all', block='bb', highest_order=0: 0
structure='dense_every_order', order='all', block='bb', highest_order=1: 0
structure='dense_every_order', order='all', block='bb', highest_order=2: 2
structure='dense_every_order', order='all', block='bb', highest_order=3: 10
structure='dense_every_order', order='all', block='bb', highest_order=4: 44
structure='dense_every_order', order='all', block='bb', highest_order=5: 104
structure='dense_every_order', order='all', block='bb', highest_order=6: 200
structure='dense_every_order', order='all', block='bb', highest_order=7: 332
structure='dense_every_order', order='all', block='bb', highest_order=8: 500
structure='dense_every_order', order='all', block='bb', highest_order=9: 704
structure='dense_every_order', order='all', block='both', highest_order=0: 0
structure='dense_every_order', order='all', block='both', highest_order=1: 0
structure='dense_every_order', order='all', block='both', highest_order=2: 4
structure='dense_every_order', order='all', block='both', highest_order=3: 16
structure='dense_every_order', order='all', block='both', highest_order=4: 58
structure='dense_every_order', order='all', block='both', highest_order=5: 130
structure='dense_every_order', order='all', block='both', highest_order=6: 238
structure='dense_every_order', order='all', block='both', highest_order=7: 382
structure='dense_every_order', order='all', block='both', highest_order=8: 562
structure='dense_every_order', order='all', block='both', highest_order=9: 778
structure='dense_every_order', order='highest', block='aa', highest_order=0: 0
structure='dense_every_order', order='highest', block='aa', highest_order=1: 0
structure='dense_every_order', order='highest', block='aa', highest_order=2: 2
structure='dense_every_order', order='highest', block='aa', highest_order=3: 8
structure='dense_every_order', order='highest', block='aa', highest_order=4: 40
structure='dense_every_order', order='highest', block='aa', highest_order=5: 94
structure='dense_every_order', order='highest', block='aa', highest_order=6: 184
structure='dense_every_order', order='highest', block='aa', highest_order=7: 310
structure='dense_every_order', order='highest', block='aa', highest_order=8: 472
structure='dense_every_order', order='highest', block='aa', highest_order=9: 670
structure='dense_every_order', order='highest', block='bb', highest_order=0: 0
structure='dense_every_order', order='highest', block='bb', highest_order=1: 0
structure='dense_every_order', order='highest', block='bb', highest_order=2: 2
structure='dense_every_order', order='highest', block='bb', highest_order=3: 8
structure='dense_every_order', order='highest', block='bb', highest_order=4: 40
structure='dense_every_order', order='highest', block='bb', highest_order=5: 94
structure='dense_every_order', order='highest', block='bb', highest_order=6: 184
structure='dense_every_order', order='highest', block='bb', highest_order=7: 310
structure='dense_every_order', order='highest', block='bb', highest_order=8: 472
structure='dense_every_order', order='highest', block='bb', highest_order=9: 670
structure='dense_every_order', order='highest', block='both', highest_order=0: 0
structure='dense_every_order', order='highest', block='both', highest_order=1: 0
structure='dense_every_order', order='highest', block='both', highest_order=2: 4
structure='dense_every_order', order='highest', block='both', highest_order=3: 12
structure='dense_every_order', order='highest', block='both', highest_order=4: 50
structure='dense_every_order', order='highest', block='both', highest_order=5: 110
structure='dense_every_order', order='highest', block='both', highest_order=6: 206
structure='dense_every_order', order='highest', block='both', highest_order=7: 338
structure='dense_every_order', order='highest', block='both', highest_order=8: 506
structure='dense_every_order', order='highest', block='both', highest_order=9: 710
structure='dense_first_order', order='all', block='aa', highest_order=0: 0
structure='dense_first_order', order='all', block='aa', highest_order=1: 0
structure='dense_first_order', order='all', block='aa', highest_order=2: 2
structure='dense_first_order', order='all', block='aa', highest_order=3: 8
structure='dense_first_order', order='all', block='aa', highest_order=4: 34
structure='dense_first_order', order='all', block='aa', highest_order=5: 74
structure='dense_first_order', order='all', block='aa', highest_order=6: 138
structure='dense_first_order', order='all', block='aa', highest_order=7: 226
structure='dense_first_order', order='all', block='aa', highest_order=8: 338
structure='dense_first_order', order='all', block='aa', highest_order=9: 474
structure='dense_first_order', order='all', block='bb', highest_order=0: 0
structure='dense_first_order', order='all', block='bb', highest_order=1: 0
structure='dense_first_order', order='all', block='bb', highest_order=2: 2
structure='dense_first_order', order='all', block='bb', highest_order=3: 8
structure='dense_first_order', order='all', block='bb', highest_order=4: 34
structure='dense_first_order', order='all', block='bb', highest_order=5: 74
structure='dense_first_order', order='all', block='bb', highest_order=6: 138
structure='dense_first_order', order='all', block='bb', highest_order=7: 226
structure='dense_first_order', order='all', block='bb', highest_order=8: 338
structure='dense_first_order', order='all', block='bb', highest_order=9: 474
structure='dense_first_order', order='all', block='both', highest_order=0: 0
structure='dense_first_order', order='all', block='both', highest_order=1: 0
structure='dense_first_order', order='all', block='both', highest_order=2: 4
structure='dense_first_order', order='all', block='both', highest_order=3: 12
structure='dense_first_order', order='all', block='both', highest_order=4: 42
structure='dense_first_order', order='all', block='both', highest_order=5: 90
structure='dense_first_order', order='all', block='both', highest_order=6: 162
structure='dense_first_order', order='all', block='both', highest_order=7: 258
structure='dense_first_order', order='all', block='both', highest_order=8: 378
structure='dense_first_order', order='all', block='both', highest_order=9: 522
structure='dense_first_order', order='highest', block='aa', highest_order=0: 0
structure='dense_first_order', order='highest', block='aa', highest_order=1: 0
structure='dense_first_order', order='highest', block='aa', highest_order=2: 2
structure='dense_first_order', order='highest', block='aa', highest_order=3: 6
structure='dense_first_order', order='highest', block='aa', highest_order=4: 32
structure='dense_first_order', order='highest', block='aa', highest_order=5: 64
structure='dense_first_order', order='highest', block='aa', highest_order=6: 120
structure='dense_first_order', order='highest', block='aa', highest_order=7: 200
structure='dense_first_order', order='highest', block='aa', highest_order=8: 304
structure='dense_first_order', order='highest', block='aa', highest_order=9: 432
structure='dense_first_order', order='highest', block='bb', highest_order=0: 0
structure='dense_first_order', order='highest', block='bb', highest_order=1: 0
structure='dense_first_order', order='highest', block='bb', highest_order=2: 2
structure='dense_first_order', order='highest', block='bb', highest_order=3: 6
structure='dense_first_order', order='highest', block='bb', highest_order=4: 32
structure='dense_first_order', order='highest', block='bb', highest_order=5: 64
structure='dense_first_order', order='highest', block='bb', highest_order=6: 120
structure='dense_first_order', order='highest', block='bb', highest_order=7: 200
structure='dense_first_order', order='highest', block='bb', highest_order=8: 304
structure='dense_first_order', order='highest', block='bb', highest_order=9: 432
structure='dense_first_order', order='highest', block='both', highest_order=0: 0
structure='dense_first_order', order='highest', block='both', highest_order=1: 0
structure='dense_first_order', order='highest', block='both', highest_order=2: 4
structure='dense_first_order', order='highest', block='both', highest_order=3: 8
structure='dense_first_order', order='highest', block='both', highest_order=4: 38
structure='dense_first_order', order='highest', block='both', highest_order=5: 74
structure='dense_first_order', order='highest', block='both', highest_order=6: 134
structure='dense_first_order', order='highest', block='both', highest_order=7: 218
structure='dense_first_order', order='highest', block='both', highest_order=8: 326
structure='dense_first_order', order='highest', block='both', highest_order=9: 458
structure='offdiagonal_every_order', order='all', block='aa', highest_order=0: 0
structure='offdiagonal_every_order', order='all', block='aa', highest_order=1: 0
structure='offdiagonal_every_order', order='all', block='aa', highest_order=2: 2
structure='offdiagonal_every_order', order='all', block='aa', highest_order=3: 6
structure='offdiagonal_every_order', order='all', block='aa', highest_order=4: 32
structure='offdiagonal_every_order', order='all', block='aa', highest_order=5: 80
structure='offdiagonal_every_order', order='all', block='aa', highest_order=6: 160
structure='offdiagonal_every_order', order='all', block='aa', highest_order=7: 272
structure='offdiagonal_every_order', order='all', block='aa', highest_order=8: 416
structure='offdiagonal_every_order', order='all', block='aa', highest_order=9: 592
structure='offdiagonal_every_order', order='all', block='bb', highest_order=0: 0
structure='offdiagonal_every_order', order='all', block='bb', highest_order=1: 0
structure='offdiagonal_every_order', order='all', block='bb', highest_order=2: 2
structure='offdiagonal_every_order', order='all', block='bb', highest_order=3: 6
structure='offdiagonal_every_order', order='all', block='bb', highest_order=4: 32
structure='offdiagonal_every_order', order='all', block='bb', highest_order=5: 80
structure='offdiagonal_every_order', order='all', block='bb', highest_order=6: 160
structure='offdiagonal_every_order', order='all', block='bb', highest_order=7: 272
structure='offdiagonal_every_order', order='all', block='bb', highest_order=8: 416
structure='offdiagonal_every_order', order='all', block='bb', highest_order=9: 592
structure='offdiagonal_every_order', order='all', block='both', highest_order=0: 0
structure='offdiagonal_every_order', order='all', block='both', highest_order=1: 0
structure='offdiagonal_every_order', order='all', block='both', highest_order=2: 4
structure='offdiagonal_every_order', order='all', block='both', highest_order=3: 12
structure='offdiagonal_every_order', order='all', block='both', highest_order=4: 46
structure='offdiagonal_every_order', order='all', block='both', highest_order=5: 106
structure='offdiagonal_every_order', order='all', block='both', highest_order=6: 198
structure='offdiagonal_every_order', order='all', block='both', highest_order=7: 322
structure='offdiagonal_every_order', order='all', block='both', highest_order=8: 478
structure='offdiagonal_every_order', order='all', block='both', highest_order=9: 666
structure='offdiagonal_every_order', order='highest', block='aa', highest_order=0: 0
structure='offdiagonal_every_order', order='highest', block='aa', highest_order=1: 0
structure='offdiagonal_every_order', order='highest', block='aa', highest_order=2: 2
structure='offdiagonal_every_order', order='highest', block='aa', highest_order=3: 4
structure='offdiagonal_every_order', order='highest', block='aa', highest_order=4: 28
structure='offdiagonal_every_order', order='highest', block='aa', highest_order=5: 70
structure='offdiagonal_every_order', order='highest', block='aa', highest_order=6: 144
structure='offdiagonal_every_order', order='highest', block='aa', highest_order=7: 250
structure='offdiagonal_every_order', order='highest', block='aa', highest_order=8: 388
structure='offdiagonal_every_order', order='highest', block='aa', highest_order=9: 558
structure='offdiagonal_every_order', order='highest', block='bb', highest_order=0: 0
structure='offdiagonal_every_order', order='highest', block='bb', highest_order=1: 0
structure='offdiagonal_every_order', order='highest', block='bb', highest_order=2: 2
structure='offdiagonal_every_order', order='highest', block='bb', highest_order=3: 4
structure='offdiagonal_every_order', order='highest', block='bb', highest_order=4: 28
structure='offdiagonal_every_order', order='highest', block='bb', highest_order=5: 70
structure='offdiagonal_every_order', order='highest', block='bb', highest_order=6: 144
structure='offdiagonal_every_order', order='highest', block='bb', highest_order=7: 250
structure='offdiagonal_every_order', order='highest', block='bb', highest_order=8: 388
structure='offdiagonal_every_order', order='highest', block='bb', highest_order=9: 558
structure='offdiagonal_every_order', order='highest', block='both', highest_order=0: 0
structure='offdiagonal_every_order', order='highest', block='both', highest_order=1: 0
structure='offdiagonal_every_order', order='highest', block='both', highest_order=2: 4
structure='offdiagonal_every_order', order='highest', block='both', highest_order=3: 8
structure='offdiagonal_every_order', order='highest', block='both', highest_order=4: 38
structure='offdiagonal_every_order', order='highest', block='both', highest_order=5: 86
structure='offdiagonal_every_order', order='highest', block='both', highest_order=6: 166
structure='offdiagonal_every_order', order='highest', block='both', highest_order=7: 278
structure='offdiagonal_every_order', order='highest', block='both', highest_order=8: 422
structure='offdiagonal_every_order', order='highest', block='both', highest_order=9: 598
structure='random_every_order', order='all', block='aa', highest_order=0: 0
structure='random_every_order', order='all', block='aa', highest_order=1: 0
structure='random_every_order', order='all', block='aa', highest_order=2: 2
structure='random_every_order', order='all', block='aa', highest_order=3: 2
structure='random_every_order', order='all', block='aa', highest_order=4: 30
structure='random_every_order', order='all', block='aa', highest_order=5: 30
structure='random_every_order', order='all', block='aa', highest_order=6: 90
structure='random_every_order', order='all', block='aa', highest_order=7: 90
structure='random_every_order', order='all', block='aa', highest_order=8: 184
structure='random_every_order', order='all', block='aa', highest_order=9: 184
structure='random_every_order', order='all', block='bb', highest_order=0: 0
structure='random_every_order', order='all', block='bb', highest_order=1: 0
structure='random_every_order', order='all', block='bb', highest_order=2: 2
structure='random_every_order', order='all', block='bb', highest_order=3: 2
structure='random_every_order', order='all', block='bb', highest_order=4: 30
structure='random_every_order', order='all', block='bb', highest_order=5: 30
structure='random_every_order', order='all', block='bb', highest_order=6: 90
structure='random_every_order', order='all', block='bb', highest_order=7: 90
structure='random_every_order', order='all', block='bb', highest_order=8: 184
structure='random_every_order', order='all', block='bb', highest_order=9: 184
structure='random_every_order', order='all', block='both', highest_order=0: 0
structure='random_every_order', order='all', block='both', highest_order=1: 0
structure='random_every_order', order='all', block='both', highest_order=2: 4
structure='random_every_order', order='all', block='both', highest_order=3: 4
structure='random_every_order', order='all', block='both', highest_order=4: 38
structure='random_every_order', order='all', block='both', highest_order=5: 38
structure='random_every_order', order='all', block='both', highest_order=6: 104
structure='random_every_order', order='all', block='both', highest_order=7: 104
structure='random_every_order', order='all', block='both', highest_order=8: 202
structure='random_every_order', order='all', block='both', highest_order=9: 202
structure='random_every_order', order='highest', block='aa', highest_order=0: 0
structure='random_every_order', order='highest', block='aa', highest_order=1: 0
structure='random_every_order', order='highest', block='aa', highest_order=2: 2
structure='random_every_order', order='highest', block='aa', highest_order=3: 0
structure='random_every_order', order='highest', block='aa', highest_order=4: 30
structure='random_every_order', order='highest', block='aa', highest_order=5: 1
structure='random_every_order', order='highest', block='aa', highest_order=6: 90
structure='random_every_order', order='highest', block='aa', highest_order=7: 18
structure='random_every_order', order='highest', block='aa', highest_order=8: 184
structure='random_every_order', order='highest', block='aa', highest_order=9: 25
structure='random_every_order', order='highest', block='bb', highest_order=0: 0
structure='random_every_order', order='highest', block='bb', highest_order=1: 0
structure='random_every_order', order='highest', block='bb', highest_order=2: 2
structure='random_every_order', order='highest', block='bb', highest_order=3: 0
structure='random_every_order', order='highest', block='bb', highest_order=4: 30
structure='random_every_order', order='highest', block='bb', highest_order=5: 1
structure='random_every_order', order='highest', block='bb', highest_order=6: 90
structure='random_every_order', order='highest', block='bb', highest_order=7: 18
structure='random_every_order', order='highest', block='bb', highest_order=8: 184
structure='random_every_order', order='highest', block='bb', highest_order=9: 18
structure='random_every_order', order='highest', block='both', highest_order=0: 0
structure='random_every_order', order='highest', block='both', highest_order=1: 0
structure='random_every_order', order='highest', block='both', highest_order=2: 4
structure='random_every_order', order='highest', block='both', highest_order=3: 0
structure='random_every_order', order='highest', block='both', highest_order=4: 38
structure='random_every_order', order='highest', block='both', highest_order=5: 1
structure='random_every_order', order='highest', block='both', highest_order=6: 104
structure='random_every_order', order='highest', block='both', highest_order=7: 18
structure='random_every_order', order='highest', block='both', highest_order=8: 202
structure='random_every_order', order='highest', block='both', highest_order=9: 25
