structure='dense_every_order', order='all', block='aa', highest_order=0: 0
structure='dense_every_order', order='all', block='aa', highest_order=1: 0
structure='dense_every_order', order='all', block='aa', highest_order=2: 2
structure='dense_every_order', order='all', block='aa', highest_order=3: 10
structure='dense_every_order', order='all', block='aa', highest_order=4: 43
structure='dense_every_order', order='all', block='aa', highest_order=5: 101
structure='dense_every_order', order='all', block='aa', highest_order=6: 191
structure='dense_every_order', order='all', block='aa', highest_order=7: 313
structure='dense_every_order', order='all', block='aa', highest_order=8: 467
structure='dense_every_order', order='all', block='aa', highest_order=9: 653
structure='dense_every_order', order='all', block='bb', highest_order=0: 0
structure='dense_every_order', order='all', block='bb', highest_order=1: 0
structure='dense_every_order', order='all', block='bb', highest_order=2: 2
structure='dense_every_order', order='all', block='bb', highest_order=3: 10
structure='dense_every_order', order='all', block='bb', highest_order=4: 43
structure='dense_every_order', order='all', block='bb', highest_order=5: 101
structure='dense_every_order', order='all', block='bb', highest_order=6: 191
structure='dense_every_order', order='all', block='bb', highest_order=7: 313
structure='dense_every_order', order='all', block='bb', highest_order=8: 467
structure='dense_every_order', order='all', block='bb', highest_order=9: 653
structure='dense_every_order', order='all', block='both', highest_order=0: 0
structure='dense_every_order', order='all', block='both', highest_order=1: 0
structure='dense_every_order', order='all', block='both', highest_order=2: 4
structure='dense_every_order', order='all', block='both', highest_order=3: 16
structure='dense_every_order', order='all', block='both', highest_order=4: 56
structure='dense_every_order', order='all', block='both', highest_order=5: 124
structure='dense_every_order', order='all', block='both', highest_order=6: 224
structure='dense_every_order', order='all', block='both', highest_order=7: 356
structure='dense_every_order', order='all', block='both', highest_order=8: 520
structure='dense_every_order', order='all', block='both', highest_order=9: 716
structure='dense_every_order', order='highest', block='aa', highest_order=0: 0
structure='dense_every_order', order='highest', block='aa', highest_order=1: 0
structure='dense_every_order', order='highest', block='aa', highest_order=2: 2
structure='dense_every_order', order='highest', block='aa', highest_order=3: 8
structure='dense_every_order', order='highest', block='aa', highest_order=4: 39
structure='dense_every_order', order='highest', block='aa', highest_order=5: 92
structure='dense_every_order', order='highest', block='aa', highest_order=6: 177
structure='dense_every_order', order='highest', block='aa', highest_order=7: 294
structure='dense_every_order', order='highest', block='aa', highest_order=8: 443
structure='dense_every_order', order='highest', block='aa', highest_order=9: 624
structure='dense_every_order', order='highest', block='bb', highest_order=0: 0
structure='dense_every_order', order='highest', block='bb', highest_order=1: 0
structure='dense_every_order', order='highest', block='bb', highest_order=2: 2
structure='dense_every_order', order='highest', block='bb', highest_order=3: 8
structure='dense_every_order', order='highest', block='bb', highest_order=4: 39
structure='dense_every_order', order='highest', block='bb', highest_order=5: 92
structure='dense_every_order', order='highest', block='bb', highest_order=6: 177
structure='dense_every_order', order='highest', block='bb', highest_order=7: 294
structure='dense_every_order', order='highest', block='bb', highest_order=8: 443
structure='dense_every_order', order='highest', block='bb', highest_order=9: 624
structure='dense_every_order', order='highest', block='both', highest_order=0: 0
structure='dense_every_order', order='highest', block='both', highest_order=1: 0
structure='dense_every_order', order='highest', block='both', highest_order=2: 4
structure='dense_every_order', order='highest', block='both', highest_order=3: 12
structure='dense_every_order', order='highest', block='both', highest_order=4: 48
structure='dense_every_order', order='highest', block='both', highest_order=5: 106
structure='dense_every_order', order='highest', block='both', highest_order=6: 196
structure='dense_every_order', order='highest', block='both', highest_order=7: 318
structure='dense_every_order', order='highest', block='both', highest_order=8: 472
structure='dense_every_order', order='highest', block='both', highest_order=9: 658
structure='dense_first_order', order='all', block='aa', highest_order=0: 0
structure='dense_first_order', order='all', block='aa', highest_order=1: 0
structure='dense_first_order', order='all', block='aa', highest_order=2: 2
structure='dense_first_order', order='all', block='aa', highest_order=3: 8
structure='dense_first_order', order='all', block='aa', highest_order=4: 33
structure='dense_first_order', order='all', block='aa', highest_order=5: 71
structure='dense_first_order', order='all', block='aa', highest_order=6: 129
structure='dense_first_order', order='all', block='aa', highest_order=7: 207
structure='dense_first_order', order='all', block='aa', highest_order=8: 305
structure='dense_first_order', order='all', block='aa', highest_order=9: 423
structure='dense_first_order', order='all', block='bb', highest_order=0: 0
structure='dense_first_order', order='all', block='bb', highest_order=1: 0
structure='dense_first_order', order='all', block='bb', highest_order=2: 2
structure='dense_first_order', order='all', block='bb', highest_order=3: 8
structure='dense_first_order', order='all', block='bb', highest_order=4: 33
structure='dense_first_order', order='all', block='bb', highest_order=5: 71
structure='dense_first_order', order='all', block='bb', highest_order=6: 129
structure='dense_first_order', order='all', block='bb', highest_order=7: 207
structure='dense_first_order', order='all', block='bb', highest_order=8: 305
structure='dense_first_order', order='all', block='bb', highest_order=9: 423
structure='dense_first_order', order='all', block='both', highest_order=0: 0
structure='dense_first_order', order='all', block='both', highest_order=1: 0
structure='dense_first_order', order='all', block='both', highest_order=2: 4
structure='dense_first_order', order='all', block='both', highest_order=3: 12
structure='dense_first_order', order='all', block='both', highest_order=4: 40
structure='dense_first_order', order='all', block='both', highest_order=5: 84
structure='dense_first_order', order='all', block='both', highest_order=6: 148
structure='dense_first_order', order='all', block='both', highest_order=7: 232
structure='dense_first_order', order='all', block='both', highest_order=8: 336
structure='dense_first_order', order='all', block='both', highest_order=9: 460
structure='dense_first_order', order='highest', block='aa', highest_order=0: 0
structure='dense_first_order', order='highest', block='aa', highest_order=1: 0
structure='dense_first_order', order='highest', block='aa', highest_order=2: 2
structure='dense_first_order', order='highest', block='aa', highest_order=3: 6
structure='dense_first_order', order='highest', block='aa', highest_order=4: 31
structure='dense_first_order', order='highest', block='aa', highest_order=5: 62
structure='dense_first_order', order='highest', block='aa', highest_order=6: 113
structure='dense_first_order', order='highest', block='aa', highest_order=7: 184
structure='dense_first_order', order='highest', block='aa', highest_order=8: 275
structure='dense_first_order', order='highest', block='aa', highest_order=9: 386
structure='dense_first_order', order='highest', block='bb', highest_order=0: 0
structure='dense_first_order', order='highest', block='bb', highest_order=1: 0
structure='dense_first_order', order='highest', block='bb', highest_order=2: 2
structure='dense_first_order', order='highest', block='bb', highest_order=3: 6
structure='dense_first_order', order='highest', block='bb', highest_order=4: 31
structure='dense_first_order', order='highest', block='bb', highest_order=5: 62
structure='dense_first_order', order='highest', block='bb', highest_order=6: 113
structure='dense_first_order', order='highest', block='bb', highest_order=7: 184
structure='dense_first_order', order='highest', block='bb', highest_order=8: 275
structure='dense_first_order', order='highest', block='bb', highest_order=9: 386
structure='dense_first_order', order='highest', block='both', highest_order=0: 0
structure='dense_first_order', order='highest', block='both', highest_order=1: 0
structure='dense_first_order', order='highest', block='both', highest_order=2: 4
structure='dense_first_order', order='highest', block='both', highest_order=3: 8
structure='dense_first_order', order='highest', block='both', highest_order=4: 36
structure='dense_first_order', order='highest', block='both', highest_order=5: 70
structure='dense_first_order', order='highest', block='both', highest_order=6: 124
structure='dense_first_order', order='highest', block='both', highest_order=7: 198
structure='dense_first_order', order='highest', block='both', highest_order=8: 292
structure='dense_first_order', order='highest', block='both', highest_order=9: 406
structure='offdiagonal_every_order', order='all', block='aa', highest_order=0: 0
structure='offdiagonal_every_order', order='all', block='aa', highest_order=1: 0
structure='offdiagonal_every_order', order='all', block='aa', highest_order=2: 2
structure='offdiagonal_every_order', order='all', block='aa', highest_order=3: 6
structure='offdiagonal_every_order', order='all', block='aa', highest_order=4: 31
structure='offdiagonal_every_order', order='all', block='aa', highest_order=5: 77
structure='offdiagonal_every_order', order='all', block='aa', highest_order=6: 151
structure='offdiagonal_every_order', order='all', block='aa', highest_order=7: 253
structure='offdiagonal_every_order', order='all', block='aa', highest_order=8: 383
structure='offdiagonal_every_order', order='all', block='aa', highest_order=9: 541
structure='offdiagonal_every_order', order='all', block='bb', highest_order=0: 0
structure='offdiagonal_every_order', order='all', block='bb', highest_order=1: 0
structure='offdiagonal_every_order', order='all', block='bb', highest_order=2: 2
structure='offdiagonal_every_order', order='all', block='bb', highest_order=3: 6
structure='offdiagonal_every_order', order='all', block='bb', highest_order=4: 31
structure='offdiagonal_every_order', order='all', block='bb', highest_order=5: 77
structure='offdiagonal_every_order', order='all', block='bb', highest_order=6: 151
structure='offdiagonal_every_order', order='all', block='bb', highest_order=7: 253
structure='offdiagonal_every_order', order='all', block='bb', highest_order=8: 383
structure='offdiagonal_every_order', order='all', block='bb', highest_order=9: 541
structure='offdiagonal_every_order', order='all', block='both', highest_order=0: 0
structure='offdiagonal_every_order', order='all', block='both', highest_order=1: 0
structure='offdiagonal_every_order', order='all', block='both', highest_order=2: 4
structure='offdiagonal_every_order', order='all', block='both', highest_order=3: 12
structure='offdiagonal_every_order', order='all', block='both', highest_order=4: 44
structure='offdiagonal_every_order', order='all', block='both', highest_order=5: 100
structure='offdiagonal_every_order', order='all', block='both', highest_order=6: 184
structure='offdiagonal_every_order', order='all', block='both', highest_order=7: 296
structure='offdiagonal_every_order', order='all', block='both', highest_order=8: 436
structure='offdiagonal_every_order', order='all', block='both', highest_order=9: 604
structure='offdiagonal_every_order', order='highest', block='aa', highest_order=0: 0
structure='offdiagonal_every_order', order='highest', block='aa', highest_order=1: 0
structure='offdiagonal_every_order', order='highest', block='aa', highest_order=2: 2
structure='offdiagonal_every_order', order='highest', block='aa', highest_order=3: 4
structure='offdiagonal_every_order', order='highest', block='aa', highest_order=4: 27
structure='offdiagonal_every_order', order='highest', block='aa', highest_order=5: 68
structure='offdiagonal_every_order', order='highest', block='aa', highest_order=6: 137
structure='offdiagonal_every_order', order='highest', block='aa', highest_order=7: 234
structure='offdiagonal_every_order', order='highest', block='aa', highest_order=8: 359
structure='offdiagonal_every_order', order='highest', block='aa', highest_order=9: 512
structure='offdiagonal_every_order', order='highest', block='bb', highest_order=0: 0
structure='offdiagonal_every_order', order='highest', block='bb', highest_order=1: 0
structure='offdiagonal_every_order', order='highest', block='bb', highest_order=2: 2
structure='offdiagonal_every_order', order='highest', block='bb', highest_order=3: 4
structure='offdiagonal_every_order', order='highest', block='bb', highest_order=4: 27
structure='offdiagonal_every_order', order='highest', block='bb', highest_order=5: 68
structure='offdiagonal_every_order', order='highest', block='bb', highest_order=6: 137
structure='offdiagonal_every_order', order='highest', block='bb', highest_order=7: 234
structure='offdiagonal_every_order', order='highest', block='bb', highest_order=8: 359
structure='offdiagonal_every_order', order='highest', block='bb', highest_order=9: 512
structure='offdiagonal_every_order', order='highest', block='both', highest_order=0: 0
structure='offdiagonal_every_order', order='highest', block='both', highest_order=1: 0
structure='offdiagonal_every_order', order='highest', block='both', highest_order=2: 4
structure='offdiagonal_every_order', order='highest', block='both', highest_order=3: 8
structure='offdiagonal_every_order', order='highest', block='both', highest_order=4: 36
structure='offdiagonal_every_order', order='highest', block='both', highest_order=5: 82
structure='offdiagonal_every_order', order='highest', block='both', highest_order=6: 156
structure='offdiagonal_every_order', order='highest', block='both', highest_order=7: 258
structure='offdiagonal_every_order', order='highest', block='both', highest_order=8: 388
structure='offdiagonal_every_order', order='highest', block='both', highest_order=9: 546
structure='random_every_order', order='all', block='aa', highest_order=0: 0
structure='random_every_order', order='all', block='aa', highest_order=1: 0
structure='random_every_order', order='all', block='aa', highest_order=2: 2
structure='random_every_order', order='all', block='aa', highest_order=3: 2
structure='random_every_order', order='all', block='aa', highest_order=4: 29
structure='random_every_order', order='all', block='aa', highest_order=5: 29
structure='random_every_order', order='all', block='aa', highest_order=6: 84
structure='random_every_order', order='all', block='aa', highest_order=7: 84
structure='random_every_order', order='all', block='aa', highest_order=8: 169
structure='random_every_order', order='all', block='aa', highest_order=9: 169
structure='random_every_order', order='all', block='bb', highest_order=0: 0
structure='random_every_order', order='all', block='bb', highest_order=1: 0
structure='random_every_order', order='all', block='bb', highest_order=2: 2
structure='random_every_order', order='all', block='bb', highest_order=3: 2
structure='random_every_order', order='all', block='bb', highest_order=4: 29
structure='random_every_order', order='all', block='bb', highest_order=5: 29
structure='random_every_order', order='all', block='bb', highest_order=6: 84
structure='random_every_order', order='all', block='bb', highest_order=7: 84
structure='random_every_order', order='all', block='bb', highest_order=8: 169
structure='random_every_order', order='all', block='bb', highest_order=9: 169
structure='random_every_order', order='all', block='both', highest_order=0: 0
structure='random_every_order', order='all', block='both', highest_order=1: 0
structure='random_every_order', order='all', block='both', highest_order=2: 4
structure='random_every_order', order='all', block='both', highest_order=3: 4
structure='random_every_order', order='all', block='both', highest_order=4: 36
structure='random_every_order', order='all', block='both', highest_order=5: 36
structure='random_every_order', order='all', block='both', highest_order=6: 96
structure='random_every_order', order='all', block='both', highest_order=7: 96
structure='random_every_order', order='all', block='both', highest_order=8: 184
structure='random_every_order', order='all', block='both', highest_order=9: 184
structure='random_every_order', order='highest', block='aa', highest_order=0: 0
structure='random_every_order', order='highest', block='aa', highest_order=1: 0
structure='random_every_order', order='highest', block='aa', highest_order=2: 2
structure='random_every_order', order='highest', block='aa', highest_order=3: 0
structure='random_every_order', order='highest', block='aa', highest_order=4: 29
structure='random_every_order', order='highest', block='aa', highest_order=5: 1
structure='random_every_order', order='highest', block='aa', highest_order=6: 84
structure='random_every_order', order='highest', block='aa', highest_order=7: 18
structure='random_every_order', order='highest', block='aa', highest_order=8: 169
structure='random_every_order', order='highest', block='aa', highest_order=9: 25
structure='random_every_order', order='highest', block='bb', highest_order=0: 0
structure='random_every_order', order='highest', block='bb', highest_order=1: 0
structure='random_every_order', order='highest', block='bb', highest_order=2: 2
structure='random_every_order', order='highest', block='bb', highest_order=3: 0
structure='random_every_order', order='highest', block='bb', highest_order=4: 29
structure='random_every_order', order='highest', block='bb', highest_order=5: 1
structure='random_every_order', order='highest', block='bb', highest_order=6: 84
structure='random_every_order', order='highest', block='bb', highest_order=7: 18
structure='random_every_order', order='highest', block='bb', highest_order=8: 169
structure='random_every_order', order='highest', block='bb', highest_order=9: 18
structure='random_every_order', order='highest', block='both', highest_order=0: 0
structure='random_every_order', order='highest', block='both', highest_order=1: 0
structure='random_every_order', order='highest', block='both', highest_order=2: 4
structure='random_every_order', order='highest', block='both', highest_order=3: 0
structure='random_every_order', order='highest', block='both', highest_order=4: 36
structure='random_every_order', order='highest', block='both', highest_order=5: 1
structure='random_every_order', order='highest', block='both', highest_order=6: 96
structure='random_every_order', order='highest', block='both', highest_order=7: 18
structure='random_every_order', order='highest', block='both', highest_order=8: 184
structure='random_every_order', order='highest', block='both', highest_order=9: 25
