structure='all', commuting, order=2: 1
structure='all', commuting, order=3: 7
structure='all', commuting, order=4: 16
structure='all', commuting, order=5: 30
structure='all', order=2: 3
structure='all', order=3: 12
structure='all', order=4: 25
structure='all', order=5: 44
structure='first', commuting, order=2: 1
structure='first', commuting, order=3: 7
structure='first', commuting, order=4: 16
structure='first', commuting, order=5: 30
structure='first', order=2: 3
structure='first', order=3: 12
structure='first', order=4: 25
structure='first', order=5: 44
