structure='dense_every_order', order='all', block='aa', highest_order=2: 2
structure='dense_every_order', order='all', block='aa', highest_order=3: 16
structure='dense_every_order', order='all', block='aa', highest_order=4: 72
structure='dense_every_order', order='all', block='all', highest_order=2: 6
structure='dense_every_order', order='all', block='all', highest_order=3: 33
structure='dense_every_order', order='all', block='all', highest_order=4: 114
structure='dense_every_order', order='all', block='bb', highest_order=2: 2
structure='dense_every_order', order='all', block='bb', highest_order=3: 16
structure='dense_every_order', order='all', block='bb', highest_order=4: 72
structure='dense_every_order', order='all', block='cc', highest_order=2: 2
structure='dense_every_order', order='all', block='cc', highest_order=3: 16
structure='dense_every_order', order='all', block='cc', highest_order=4: 72
structure='dense_every_order', order='highest', block='aa', highest_order=2: 2
structure='dense_every_order', order='highest', block='aa', highest_order=3: 14
structure='dense_every_order', order='highest', block='aa', highest_order=4: 68
structure='dense_every_order', order='highest', block='all', highest_order=2: 6
structure='dense_every_order', order='highest', block='all', highest_order=3: 27
structure='dense_every_order', order='highest', block='all', highest_order=4: 102
structure='dense_every_order', order='highest', block='bb', highest_order=2: 2
structure='dense_every_order', order='highest', block='bb', highest_order=3: 14
structure='dense_every_order', order='highest', block='bb', highest_order=4: 68
structure='dense_every_order', order='highest', block='cc', highest_order=2: 2
structure='dense_every_order', order='highest', block='cc', highest_order=3: 14
structure='dense_every_order', order='highest', block='cc', highest_order=4: 68
structure='dense_first_order', order='all', block='aa', highest_order=2: 2
structure='dense_first_order', order='all', block='aa', highest_order=3: 14
structure='dense_first_order', order='all', block='aa', highest_order=4: 58
structure='dense_first_order', order='all', block='all', highest_order=2: 6
structure='dense_first_order', order='all', block='all', highest_order=3: 27
structure='dense_first_order', order='all', block='all', highest_order=4: 84
structure='dense_first_order', order='all', block='bb', highest_order=2: 2
structure='dense_first_order', order='all', block='bb', highest_order=3: 14
structure='dense_first_order', order='all', block='bb', highest_order=4: 58
structure='dense_first_order', order='all', block='cc', highest_order=2: 2
structure='dense_first_order', order='all', block='cc', highest_order=3: 14
structure='dense_first_order', order='all', block='cc', highest_order=4: 58
structure='dense_first_order', order='highest', block='aa', highest_order=2: 2
structure='dense_first_order', order='highest', block='aa', highest_order=3: 12
structure='dense_first_order', order='highest', block='aa', highest_order=4: 56
structure='dense_first_order', order='highest', block='all', highest_order=2: 6
structure='dense_first_order', order='highest', block='all', highest_order=3: 21
structure='dense_first_order', order='highest', block='all', highest_order=4: 78
structure='dense_first_order', order='highest', block='bb', highest_order=2: 2
structure='dense_first_order', order='highest', block='bb', highest_order=3: 12
structure='dense_first_order', order='highest', block='bb', highest_order=4: 56
structure='dense_first_order', order='highest', block='cc', highest_order=2: 2
structure='dense_first_order', order='highest', block='cc', highest_order=3: 12
structure='dense_first_order', order='highest', block='cc', highest_order=4: 56
structure='offdiagonal_every_order', order='all', block='aa', highest_order=2: 2
structure='offdiagonal_every_order', order='all', block='aa', highest_order=3: 12
structure='offdiagonal_every_order', order='all', block='aa', highest_order=4: 58
structure='offdiagonal_every_order', order='all', block='all', highest_order=2: 6
structure='offdiagonal_every_order', order='all', block='all', highest_order=3: 27
structure='offdiagonal_every_order', order='all', block='all', highest_order=4: 96
structure='offdiagonal_every_order', order='all', block='bb', highest_order=2: 2
structure='offdiagonal_every_order', order='all', block='bb', highest_order=3: 12
structure='offdiagonal_every_order', order='all', block='bb', highest_order=4: 58
structure='offdiagonal_every_order', order='all', block='cc', highest_order=2: 2
structure='offdiagonal_every_order', order='all', block='cc', highest_order=3: 12
structure='offdiagonal_every_order', order='all', block='cc', highest_order=4: 58
structure='offdiagonal_every_order', order='highest', block='aa', highest_order=2: 2
structure='offdiagonal_every_order', order='highest', block='aa', highest_order=3: 10
structure='offdiagonal_every_order', order='highest', block='aa', highest_order=4: 54
structure='offdiagonal_every_order', order='highest', block='all', highest_order=2: 6
structure='offdiagonal_every_order', order='highest', block='all', highest_order=3: 21
structure='offdiagonal_every_order', order='highest', block='all', highest_order=4: 84
structure='offdiagonal_every_order', order='highest', block='bb', highest_order=2: 2
structure='offdiagonal_every_order', order='highest', block='bb', highest_order=3: 10
structure='offdiagonal_every_order', order='highest', block='bb', highest_order=4: 54
structure='offdiagonal_every_order', order='highest', block='cc', highest_order=2: 2
structure='offdiagonal_every_order', order='highest', block='cc', highest_order=3: 10
structure='offdiagonal_every_order', order='highest', block='cc', highest_order=4: 54
structure='random_every_order', order='all', block='aa', highest_order=2: 2
structure='random_every_order', order='all', block='aa', highest_order=3: 10
structure='random_every_order', order='all', block='aa', highest_order=4: 54
structure='random_every_order', order='all', block='all', highest_order=2: 6
structure='random_every_order', order='all', block='all', highest_order=3: 21
structure='random_every_order', order='all', block='all', highest_order=4: 84
structure='random_every_order', order='all', block='bb', highest_order=2: 2
structure='random_every_order', order='all', block='bb', highest_order=3: 10
structure='random_every_order', order='all', block='bb', highest_order=4: 54
structure='random_every_order', order='all', block='cc', highest_order=2: 2
structure='random_every_order', order='all', block='cc', highest_order=3: 10
structure='random_every_order', order='all', block='cc', highest_order=4: 54
structure='random_every_order', order='highest', block='aa', highest_order=2: 2
structure='random_every_order', order='highest', block='aa', highest_order=3: 8
structure='random_every_order', order='highest', block='aa', highest_order=4: 52
structure='random_every_order', order='highest', block='all', highest_order=2: 6
structure='random_every_order', order='highest', block='all', highest_order=3: 15
structure='random_every_order', order='highest', block='all', highest_order=4: 78
structure='random_every_order', order='highest', block='bb', highest_order=2: 2
structure='random_every_order', order='highest', block='bb', highest_order=3: 8
structure='random_every_order', order='highest', block='bb', highest_order=4: 52
structure='random_every_order', order='highest', block='cc', highest_order=2: 2
structure='random_every_order', order='highest', block='cc', highest_order=3: 8
structure='random_every_order', order='highest', block='cc', highest_order=4: 52
