structure='all', commuting, order=2: 1
structure='all', commuting, order=3: 7
structure='all', commuting, order=4: 16
structure='all', commuting, order=5: 30
structure='all', order=2: 2
structure='all', order=3: 9
structure='all', order=4: 19
structure='all', order=5: 34
structure='first', commuting, order=2: 1
structure='first', commuting, order=3: 7
structure='first', commuting, order=4: 16
structure='first', commuting, order=5: 30
structure='first', order=2: 2
structure='first', order=3: 9
structure='first', order=4: 19
structure='first', order=5: 34
